{
  "version": "3",
  "packages": {
    "specifiers": {
      "jsr:@std/assert": "jsr:@std/assert@0.226.0",
      "jsr:@std/internal@^1.0.0": "jsr:@std/internal@1.0.1",
      "npm:replicate": "npm:replicate@0.31.0"
    },
    "jsr": {
      "@std/assert@0.226.0": {
        "integrity": "0dfb5f7c7723c18cec118e080fec76ce15b4c31154b15ad2bd74822603ef75b3",
        "dependencies": [
          "jsr:@std/internal@^1.0.0"
        ]
      },
      "@std/internal@1.0.1": {
        "integrity": "6f8c7544d06a11dd256c8d6ba54b11ed870aac6c5aeafff499892662c57673e6"
      }
    },
    "npm": {
      "abort-controller@3.0.0": {
        "integrity": "sha512-h8lQ8tacZYnR3vNQTgibj+tODHI5/+l06Au2Pcriv/Gmet0eaj4TwWH41sO9wnHDiQsEj19q0drzdWdeAHtweg==",
        "dependencies": {
          "event-target-shim": "event-target-shim@5.0.1"
        }
      },
      "base64-js@1.5.1": {
        "integrity": "sha512-AKpaYlHn8t4SVbOHCy+b5+KKgvR4vrsD8vbvrbiQJps7fKDTkjkDry6ji0rUJjC0kzbNePLwzxq8iypo41qeWA==",
        "dependencies": {}
      },
      "buffer@6.0.3": {
        "integrity": "sha512-FTiCpNxtwiZZHEZbcbTIcZjERVICn9yq/pDFkTl95/AxzD1naBctN7YO68riM/gLSDY7sdrMby8hofADYuuqOA==",
        "dependencies": {
          "base64-js": "base64-js@1.5.1",
          "ieee754": "ieee754@1.2.1"
        }
      },
      "event-target-shim@5.0.1": {
        "integrity": "sha512-i/2XbnSz/uxRCU6+NdVJgKWDTM427+MqYbkQzD321DuCQJUqOuJKIA0IM2+W2xtYHdKOmZ4dR6fExsd4SXL+WQ==",
        "dependencies": {}
      },
      "events@3.3.0": {
        "integrity": "sha512-mQw+2fkQbALzQ7V0MY0IqdnXNOeTtP4r0lN9z7AAawCXgqea7bDii20AYrIBrFd/Hx0M2Ocz6S111CaFkUcb0Q==",
        "dependencies": {}
      },
      "ieee754@1.2.1": {
        "integrity": "sha512-dcyqhDvX1C46lXZcVqCpK+FtMRQVdIMN6/Df5js2zouUsqG7I6sFxitIC+7KYK29KdXOLHdu9zL4sFnoVQnqaA==",
        "dependencies": {}
      },
      "process@0.11.10": {
        "integrity": "sha512-cdGef/drWFoydD1JsMzuFf8100nZl+GT+yacc2bEced5f9Rjk4z+WtFUTBu9PhOi9j/jfmBPu0mMEY4wIdAF8A==",
        "dependencies": {}
      },
      "readable-stream@4.5.2": {
        "integrity": "sha512-yjavECdqeZ3GLXNgRXgeQEdz9fvDDkNKyHnbHRFtOr7/LcfgBcmct7t/ET+HaCTqfh06OzoAxrkN/IfjJBVe+g==",
        "dependencies": {
          "abort-controller": "abort-controller@3.0.0",
          "buffer": "buffer@6.0.3",
          "events": "events@3.3.0",
          "process": "process@0.11.10",
          "string_decoder": "string_decoder@1.3.0"
        }
      },
      "replicate@0.31.0": {
        "integrity": "sha512-BQl52LqndfY2sLQ384jyspaJI5ia301+IN1zOBbKZa2dB5EnayUxS0ynFueOdwo/4qRfQTR0GKJwpKFK/mb3zw==",
        "dependencies": {
          "readable-stream": "readable-stream@4.5.2"
        }
      },
      "safe-buffer@5.2.1": {
        "integrity": "sha512-rp3So07KcdmmKbGvgaNxQSJr7bGVSVk5S9Eq1F+ppbRo70+YeaDxkw5Dd8NPN+GD6bjnYm2VuPuCXmpuYvmCXQ==",
        "dependencies": {}
      },
      "string_decoder@1.3.0": {
        "integrity": "sha512-hkRX8U1WjJFd8LsDJ2yQ/wWWxaopEsABU1XfkM8A+j0+85JAGppt16cr1Whg6KIbb4okU6Mql6BOj+uup/wKeA==",
        "dependencies": {
          "safe-buffer": "safe-buffer@5.2.1"
        }
      }
    }
  },
  "remote": {},
  "workspace": {
    "dependencies": [
      "npm:replicate"
    ]
  }
}
